{
  "version": 4,
  "terraform_version": "1.6.6",
  "serial": 53,
  "lineage": "ed78ef9e-ef51-0897-782a-abe45458c8e9",
  "outputs": {},
  "resources": [
    {
      "mode": "managed",
      "type": "aws_autoscaling_attachment",
      "name": "example",
      "provider": "provider[\"registry.terraform.io/hashicorp/aws\"]",
      "instances": [
        {
          "index_key": 0,
          "schema_version": 0,
          "attributes": {
            "autoscaling_group_name": "terraform-20240130162938080400000003",
            "elb": null,
            "id": "terraform-20240130162938080400000003-20240130162955503900000004",
            "lb_target_group_arn": "arn:aws:elasticloadbalancing:us-east-1:782863115905:targetgroup/washington-lb-tg/d75426487c8f7770"
          },
          "sensitive_attributes": [],
          "private": "bnVsbA==",
          "dependencies": [
            "aws_autoscaling_group.asg",
            "aws_eip.nat-eip",
            "aws_internet_gateway.gw",
            "aws_launch_template.asg-lt",
            "aws_lb_target_group.front_end",
            "aws_nat_gateway.natgw1",
            "aws_nat_gateway.natgw2",
            "aws_security_group.asg-sg",
            "aws_security_group.lb-sg",
            "aws_subnet.private",
            "aws_subnet.public",
            "aws_vpc.main"
          ]
        },
        {
          "index_key": 1,
          "schema_version": 0,
          "attributes": {
            "autoscaling_group_name": "terraform-20240130162938080400000003",
            "elb": null,
            "id": "terraform-20240130162938080400000003-20240130162955573100000005",
            "lb_target_group_arn": "arn:aws:elasticloadbalancing:us-east-1:782863115905:targetgroup/washington-lb-tg/d75426487c8f7770"
          },
          "sensitive_attributes": [],
          "private": "bnVsbA==",
          "dependencies": [
            "aws_autoscaling_group.asg",
            "aws_eip.nat-eip",
            "aws_internet_gateway.gw",
            "aws_launch_template.asg-lt",
            "aws_lb_target_group.front_end",
            "aws_nat_gateway.natgw1",
            "aws_nat_gateway.natgw2",
            "aws_security_group.asg-sg",
            "aws_security_group.lb-sg",
            "aws_subnet.private",
            "aws_subnet.public",
            "aws_vpc.main"
          ]
        }
      ]
    },
    {
      "mode": "managed",
      "type": "aws_autoscaling_group",
      "name": "asg",
      "provider": "provider[\"registry.terraform.io/hashicorp/aws\"]",
      "instances": [
        {
          "schema_version": 1,
          "attributes": {
            "arn": "arn:aws:autoscaling:us-east-1:782863115905:autoScalingGroup:818f776f-73e1-4ce5-9b24-f963e0851a69:autoScalingGroupName/terraform-20240130162938080400000003",
            "availability_zones": [
              "us-east-1a",
              "us-east-1b"
            ],
            "capacity_rebalance": false,
            "context": "",
            "default_cooldown": 300,
            "default_instance_warmup": 0,
            "desired_capacity": 2,
            "desired_capacity_type": "",
            "enabled_metrics": null,
            "force_delete": false,
            "force_delete_warm_pool": false,
            "health_check_grace_period": 300,
            "health_check_type": "EC2",
            "id": "terraform-20240130162938080400000003",
            "ignore_failed_scaling_activities": false,
            "initial_lifecycle_hook": [],
            "instance_maintenance_policy": [],
            "instance_refresh": [],
            "launch_configuration": "",
            "launch_template": [
              {
                "id": "lt-07d58d2f4c5a1b509",
                "name": "terraform-20240130162936428500000001",
                "version": "$Latest"
              }
            ],
            "load_balancers": [],
            "max_instance_lifetime": 0,
            "max_size": 3,
            "metrics_granularity": "1Minute",
            "min_elb_capacity": null,
            "min_size": 2,
            "mixed_instances_policy": [],
            "name": "terraform-20240130162938080400000003",
            "name_prefix": "terraform-",
            "placement_group": "",
            "predicted_capacity": 0,
            "protect_from_scale_in": false,
            "service_linked_role_arn": "arn:aws:iam::782863115905:role/aws-service-role/autoscaling.amazonaws.com/AWSServiceRoleForAutoScaling",
            "suspended_processes": null,
            "tag": [
              {
                "key": "Name",
                "propagate_at_launch": true,
                "value": "Team-1"
              }
            ],
            "target_group_arns": [
              "arn:aws:elasticloadbalancing:us-east-1:782863115905:targetgroup/washington-lb-tg/d75426487c8f7770"
            ],
            "termination_policies": null,
            "timeouts": null,
            "traffic_source": [
              {
                "identifier": "arn:aws:elasticloadbalancing:us-east-1:782863115905:targetgroup/washington-lb-tg/d75426487c8f7770",
                "type": "elbv2"
              }
            ],
            "vpc_zone_identifier": [
              "subnet-093d1e342766b68da",
              "subnet-0f2e1be91ae372e87"
            ],
            "wait_for_capacity_timeout": "10m",
            "wait_for_elb_capacity": null,
            "warm_pool": [],
            "warm_pool_size": 0
          },
          "sensitive_attributes": [],
          "private": "eyJlMmJmYjczMC1lY2FhLTExZTYtOGY4OC0zNDM2M2JjN2M0YzAiOnsiZGVsZXRlIjo2MDAwMDAwMDAwMDAsInVwZGF0ZSI6NjAwMDAwMDAwMDAwfSwic2NoZW1hX3ZlcnNpb24iOiIxIn0=",
          "dependencies": [
            "aws_eip.nat-eip",
            "aws_internet_gateway.gw",
            "aws_launch_template.asg-lt",
            "aws_lb_target_group.front_end",
            "aws_nat_gateway.natgw1",
            "aws_nat_gateway.natgw2",
            "aws_security_group.asg-sg",
            "aws_security_group.lb-sg",
            "aws_subnet.private",
            "aws_subnet.public",
            "aws_vpc.main"
          ]
        }
      ]
    },
    {
      "mode": "managed",
      "type": "aws_autoscaling_policy",
      "name": "scale-down",
      "provider": "provider[\"registry.terraform.io/hashicorp/aws\"]",
      "instances": [
        {
          "schema_version": 0,
          "attributes": {
            "adjustment_type": "ChangeInCapacity",
            "arn": "arn:aws:autoscaling:us-east-1:782863115905:scalingPolicy:9cfd5b25-8f41-4045-8a0b-0ab591338cc5:autoScalingGroupName/terraform-20240130162938080400000003:policyName/washington-scale-down-policy",
            "autoscaling_group_name": "terraform-20240130162938080400000003",
            "cooldown": 300,
            "enabled": true,
            "estimated_instance_warmup": 0,
            "id": "washington-scale-down-policy",
            "metric_aggregation_type": "",
            "min_adjustment_magnitude": 0,
            "name": "washington-scale-down-policy",
            "policy_type": "SimpleScaling",
            "predictive_scaling_configuration": [],
            "scaling_adjustment": -1,
            "step_adjustment": [],
            "target_tracking_configuration": []
          },
          "sensitive_attributes": [],
          "private": "bnVsbA==",
          "dependencies": [
            "aws_autoscaling_group.asg",
            "aws_eip.nat-eip",
            "aws_internet_gateway.gw",
            "aws_launch_template.asg-lt",
            "aws_lb_target_group.front_end",
            "aws_nat_gateway.natgw1",
            "aws_nat_gateway.natgw2",
            "aws_security_group.asg-sg",
            "aws_security_group.lb-sg",
            "aws_subnet.private",
            "aws_subnet.public",
            "aws_vpc.main"
          ]
        }
      ]
    },
    {
      "mode": "managed",
      "type": "aws_autoscaling_policy",
      "name": "scale-up",
      "provider": "provider[\"registry.terraform.io/hashicorp/aws\"]",
      "instances": [
        {
          "schema_version": 0,
          "attributes": {
            "adjustment_type": "ChangeInCapacity",
            "arn": "arn:aws:autoscaling:us-east-1:782863115905:scalingPolicy:bcab04f8-1383-4a2b-b245-a30713a942fb:autoScalingGroupName/terraform-20240130162938080400000003:policyName/washington-scale-up-policy",
            "autoscaling_group_name": "terraform-20240130162938080400000003",
            "cooldown": 300,
            "enabled": true,
            "estimated_instance_warmup": 0,
            "id": "washington-scale-up-policy",
            "metric_aggregation_type": "",
            "min_adjustment_magnitude": 0,
            "name": "washington-scale-up-policy",
            "policy_type": "SimpleScaling",
            "predictive_scaling_configuration": [],
            "scaling_adjustment": 1,
            "step_adjustment": [],
            "target_tracking_configuration": []
          },
          "sensitive_attributes": [],
          "private": "bnVsbA==",
          "dependencies": [
            "aws_autoscaling_group.asg",
            "aws_eip.nat-eip",
            "aws_internet_gateway.gw",
            "aws_launch_template.asg-lt",
            "aws_lb_target_group.front_end",
            "aws_nat_gateway.natgw1",
            "aws_nat_gateway.natgw2",
            "aws_security_group.asg-sg",
            "aws_security_group.lb-sg",
            "aws_subnet.private",
            "aws_subnet.public",
            "aws_vpc.main"
          ]
        }
      ]
    },
    {
      "mode": "managed",
      "type": "aws_cloudwatch_metric_alarm",
      "name": "sacle-down-alarm",
      "provider": "provider[\"registry.terraform.io/hashicorp/aws\"]",
      "instances": [
        {
          "schema_version": 1,
          "attributes": {
            "actions_enabled": true,
            "alarm_actions": [
              "arn:aws:autoscaling:us-east-1:782863115905:scalingPolicy:9cfd5b25-8f41-4045-8a0b-0ab591338cc5:autoScalingGroupName/terraform-20240130162938080400000003:policyName/washington-scale-down-policy"
            ],
            "alarm_description": "asg-scale-down-cpu-alarm",
            "alarm_name": "washington-scale-down-alarm",
            "arn": "arn:aws:cloudwatch:us-east-1:782863115905:alarm:washington-scale-down-alarm",
            "comparison_operator": "LessThanOrEqualToThreshold",
            "datapoints_to_alarm": 0,
            "dimensions": {
              "AutoScailingGroupName": "terraform-20240130162938080400000003"
            },
            "evaluate_low_sample_count_percentiles": "",
            "evaluation_periods": 2,
            "extended_statistic": "",
            "id": "washington-scale-down-alarm",
            "insufficient_data_actions": null,
            "metric_name": "CPUUtilization",
            "metric_query": [],
            "namespace": "AWS/EC2",
            "ok_actions": null,
            "period": 120,
            "statistic": "Average",
            "tags": null,
            "tags_all": {},
            "threshold": 30,
            "threshold_metric_id": "",
            "treat_missing_data": "missing",
            "unit": ""
          },
          "sensitive_attributes": [],
          "private": "eyJzY2hlbWFfdmVyc2lvbiI6IjEifQ==",
          "dependencies": [
            "aws_autoscaling_group.asg",
            "aws_autoscaling_policy.scale-down",
            "aws_eip.nat-eip",
            "aws_internet_gateway.gw",
            "aws_launch_template.asg-lt",
            "aws_lb_target_group.front_end",
            "aws_nat_gateway.natgw1",
            "aws_nat_gateway.natgw2",
            "aws_security_group.asg-sg",
            "aws_security_group.lb-sg",
            "aws_subnet.private",
            "aws_subnet.public",
            "aws_vpc.main"
          ]
        }
      ]
    },
    {
      "mode": "managed",
      "type": "aws_cloudwatch_metric_alarm",
      "name": "sacle-up-alarm",
      "provider": "provider[\"registry.terraform.io/hashicorp/aws\"]",
      "instances": [
        {
          "schema_version": 1,
          "attributes": {
            "actions_enabled": true,
            "alarm_actions": [
              "arn:aws:autoscaling:us-east-1:782863115905:scalingPolicy:bcab04f8-1383-4a2b-b245-a30713a942fb:autoScalingGroupName/terraform-20240130162938080400000003:policyName/washington-scale-up-policy"
            ],
            "alarm_description": "asg-scale-up-cpu-alarm",
            "alarm_name": "washington-scale-up-alarm",
            "arn": "arn:aws:cloudwatch:us-east-1:782863115905:alarm:washington-scale-up-alarm",
            "comparison_operator": "GreaterThanOrEqualToThreshold",
            "datapoints_to_alarm": 0,
            "dimensions": {
              "AutoScailingGroupName": "terraform-20240130162938080400000003"
            },
            "evaluate_low_sample_count_percentiles": "",
            "evaluation_periods": 2,
            "extended_statistic": "",
            "id": "washington-scale-up-alarm",
            "insufficient_data_actions": null,
            "metric_name": "CPUUtilization",
            "metric_query": [],
            "namespace": "AWS/EC2",
            "ok_actions": null,
            "period": 120,
            "statistic": "Average",
            "tags": null,
            "tags_all": {},
            "threshold": 80,
            "threshold_metric_id": "",
            "treat_missing_data": "missing",
            "unit": ""
          },
          "sensitive_attributes": [],
          "private": "eyJzY2hlbWFfdmVyc2lvbiI6IjEifQ==",
          "dependencies": [
            "aws_autoscaling_group.asg",
            "aws_autoscaling_policy.scale-up",
            "aws_eip.nat-eip",
            "aws_internet_gateway.gw",
            "aws_launch_template.asg-lt",
            "aws_lb_target_group.front_end",
            "aws_nat_gateway.natgw1",
            "aws_nat_gateway.natgw2",
            "aws_security_group.asg-sg",
            "aws_security_group.lb-sg",
            "aws_subnet.private",
            "aws_subnet.public",
            "aws_vpc.main"
          ]
        }
      ]
    },
    {
      "mode": "managed",
      "type": "aws_db_subnet_group",
      "name": "default",
      "provider": "provider[\"registry.terraform.io/hashicorp/aws\"]",
      "instances": [
        {
          "schema_version": 0,
          "attributes": {
            "arn": "arn:aws:rds:us-east-1:782863115905:subgrp:aurorasubnetgroupteamone",
            "description": "Managed by Terraform",
            "id": "aurorasubnetgroupteamone",
            "name": "aurorasubnetgroupteamone",
            "name_prefix": "",
            "subnet_ids": [
              "subnet-06ccd84db39b7d6d2",
              "subnet-0ddc42437ae92bfae"
            ],
            "supported_network_types": [
              "IPV4"
            ],
            "tags": {
              "Name": "My DB subnet group"
            },
            "tags_all": {
              "Name": "My DB subnet group"
            },
            "vpc_id": "vpc-084704a7df84d2e02"
          },
          "sensitive_attributes": [],
          "private": "bnVsbA==",
          "dependencies": [
            "aws_subnet.db_subnet",
            "aws_vpc.main"
          ]
        }
      ]
    },
    {
      "mode": "managed",
      "type": "aws_efs_file_system",
      "name": "efs",
      "provider": "provider[\"registry.terraform.io/hashicorp/aws\"]",
      "instances": [
        {
          "schema_version": 0,
          "attributes": {
            "arn": "arn:aws:elasticfilesystem:us-east-1:782863115905:file-system/fs-04c8566e0df7c5a9b",
            "availability_zone_id": "",
            "availability_zone_name": "",
            "creation_token": "efs",
            "dns_name": "fs-04c8566e0df7c5a9b.efs.us-east-1.amazonaws.com",
            "encrypted": false,
            "id": "fs-04c8566e0df7c5a9b",
            "kms_key_id": "",
            "lifecycle_policy": [],
            "name": "Team1-EFS",
            "number_of_mount_targets": 2,
            "owner_id": "782863115905",
            "performance_mode": "generalPurpose",
            "provisioned_throughput_in_mibps": 0,
            "size_in_bytes": [
              {
                "value": 6144,
                "value_in_ia": 0,
                "value_in_standard": 6144
              }
            ],
            "tags": {
              "Name": "Team1-EFS"
            },
            "tags_all": {
              "Name": "Team1-EFS"
            },
            "throughput_mode": "bursting"
          },
          "sensitive_attributes": [],
          "private": "bnVsbA=="
        }
      ]
    },
    {
      "mode": "managed",
      "type": "aws_efs_mount_target",
      "name": "efs-mt",
      "provider": "provider[\"registry.terraform.io/hashicorp/aws\"]",
      "instances": [
        {
          "index_key": 0,
          "schema_version": 0,
          "attributes": {
            "availability_zone_id": "use1-az6",
            "availability_zone_name": "us-east-1a",
            "dns_name": "fs-04c8566e0df7c5a9b.efs.us-east-1.amazonaws.com",
            "file_system_arn": "arn:aws:elasticfilesystem:us-east-1:782863115905:file-system/fs-04c8566e0df7c5a9b",
            "file_system_id": "fs-04c8566e0df7c5a9b",
            "id": "fsmt-0f8fbfda950bf5b81",
            "ip_address": "10.0.2.10",
            "mount_target_dns_name": "us-east-1a.fs-04c8566e0df7c5a9b.efs.us-east-1.amazonaws.com",
            "network_interface_id": "eni-071c0b7d38c7c830a",
            "owner_id": "782863115905",
            "security_groups": [
              "sg-0f82fe773730085d0"
            ],
            "subnet_id": "subnet-0f2e1be91ae372e87",
            "timeouts": null
          },
          "sensitive_attributes": [],
          "private": "eyJlMmJmYjczMC1lY2FhLTExZTYtOGY4OC0zNDM2M2JjN2M0YzAiOnsiY3JlYXRlIjoxODAwMDAwMDAwMDAwLCJkZWxldGUiOjYwMDAwMDAwMDAwMH19",
          "dependencies": [
            "aws_efs_file_system.efs",
            "aws_security_group.asg-sg",
            "aws_security_group.efs",
            "aws_security_group.lb-sg",
            "aws_subnet.private",
            "aws_vpc.main"
          ]
        },
        {
          "index_key": 1,
          "schema_version": 0,
          "attributes": {
            "availability_zone_id": "use1-az1",
            "availability_zone_name": "us-east-1b",
            "dns_name": "fs-04c8566e0df7c5a9b.efs.us-east-1.amazonaws.com",
            "file_system_arn": "arn:aws:elasticfilesystem:us-east-1:782863115905:file-system/fs-04c8566e0df7c5a9b",
            "file_system_id": "fs-04c8566e0df7c5a9b",
            "id": "fsmt-0a2a805cedb92bb9e",
            "ip_address": "10.0.3.170",
            "mount_target_dns_name": "us-east-1b.fs-04c8566e0df7c5a9b.efs.us-east-1.amazonaws.com",
            "network_interface_id": "eni-08286630abb403aee",
            "owner_id": "782863115905",
            "security_groups": [
              "sg-0f82fe773730085d0"
            ],
            "subnet_id": "subnet-093d1e342766b68da",
            "timeouts": null
          },
          "sensitive_attributes": [],
          "private": "eyJlMmJmYjczMC1lY2FhLTExZTYtOGY4OC0zNDM2M2JjN2M0YzAiOnsiY3JlYXRlIjoxODAwMDAwMDAwMDAwLCJkZWxldGUiOjYwMDAwMDAwMDAwMH19",
          "dependencies": [
            "aws_efs_file_system.efs",
            "aws_security_group.asg-sg",
            "aws_security_group.efs",
            "aws_security_group.lb-sg",
            "aws_subnet.private",
            "aws_vpc.main"
          ]
        }
      ]
    },
    {
      "mode": "managed",
      "type": "aws_eip",
      "name": "nat-eip",
      "provider": "provider[\"registry.terraform.io/hashicorp/aws\"]",
      "instances": [
        {
          "index_key": 0,
          "schema_version": 0,
          "attributes": {
            "address": null,
            "allocation_id": "eipalloc-070e61b17f565d160",
            "associate_with_private_ip": null,
            "association_id": "eipassoc-0faae71d630807c1e",
            "carrier_ip": "",
            "customer_owned_ip": "",
            "customer_owned_ipv4_pool": "",
            "domain": "vpc",
            "id": "eipalloc-070e61b17f565d160",
            "instance": "",
            "network_border_group": "us-east-1",
            "network_interface": "eni-08dbe8f0f32cd376c",
            "private_dns": "ip-10-0-0-86.ec2.internal",
            "private_ip": "10.0.0.86",
            "public_dns": "ec2-3-219-50-64.compute-1.amazonaws.com",
            "public_ip": "3.219.50.64",
            "public_ipv4_pool": "amazon",
            "tags": {},
            "tags_all": {},
            "timeouts": null,
            "vpc": true
          },
          "sensitive_attributes": [],
          "private": "eyJlMmJmYjczMC1lY2FhLTExZTYtOGY4OC0zNDM2M2JjN2M0YzAiOnsiZGVsZXRlIjoxODAwMDAwMDAwMDAsInJlYWQiOjkwMDAwMDAwMDAwMCwidXBkYXRlIjozMDAwMDAwMDAwMDB9fQ=="
        },
        {
          "index_key": 1,
          "schema_version": 0,
          "attributes": {
            "address": null,
            "allocation_id": "eipalloc-03a154751bc2ebd46",
            "associate_with_private_ip": null,
            "association_id": "eipassoc-07d057e10ed665678",
            "carrier_ip": "",
            "customer_owned_ip": "",
            "customer_owned_ipv4_pool": "",
            "domain": "vpc",
            "id": "eipalloc-03a154751bc2ebd46",
            "instance": "",
            "network_border_group": "us-east-1",
            "network_interface": "eni-0c561b9c80eccbb4c",
            "private_dns": "ip-10-0-1-79.ec2.internal",
            "private_ip": "10.0.1.79",
            "public_dns": "ec2-50-19-201-220.compute-1.amazonaws.com",
            "public_ip": "50.19.201.220",
            "public_ipv4_pool": "amazon",
            "tags": {},
            "tags_all": {},
            "timeouts": null,
            "vpc": true
          },
          "sensitive_attributes": [],
          "private": "eyJlMmJmYjczMC1lY2FhLTExZTYtOGY4OC0zNDM2M2JjN2M0YzAiOnsiZGVsZXRlIjoxODAwMDAwMDAwMDAsInJlYWQiOjkwMDAwMDAwMDAwMCwidXBkYXRlIjozMDAwMDAwMDAwMDB9fQ=="
        }
      ]
    },
    {
      "mode": "managed",
      "type": "aws_internet_gateway",
      "name": "gw",
      "provider": "provider[\"registry.terraform.io/hashicorp/aws\"]",
      "instances": [
        {
          "schema_version": 0,
          "attributes": {
            "arn": "arn:aws:ec2:us-east-1:782863115905:internet-gateway/igw-063f48c58504de3f5",
            "id": "igw-063f48c58504de3f5",
            "owner_id": "782863115905",
            "tags": {
              "Name": "Team1-igw"
            },
            "tags_all": {
              "Name": "Team1-igw"
            },
            "timeouts": null,
            "vpc_id": "vpc-084704a7df84d2e02"
          },
          "sensitive_attributes": [],
          "private": "eyJlMmJmYjczMC1lY2FhLTExZTYtOGY4OC0zNDM2M2JjN2M0YzAiOnsiY3JlYXRlIjoxMjAwMDAwMDAwMDAwLCJkZWxldGUiOjEyMDAwMDAwMDAwMDAsInVwZGF0ZSI6MTIwMDAwMDAwMDAwMH19",
          "dependencies": [
            "aws_vpc.main"
          ]
        }
      ]
    },
    {
      "mode": "managed",
      "type": "aws_launch_template",
      "name": "asg-lt",
      "provider": "provider[\"registry.terraform.io/hashicorp/aws\"]",
      "instances": [
        {
          "schema_version": 0,
          "attributes": {
            "arn": "arn:aws:ec2:us-east-1:782863115905:launch-template/lt-07d58d2f4c5a1b509",
            "block_device_mappings": [],
            "capacity_reservation_specification": [],
            "cpu_options": [],
            "credit_specification": [],
            "default_version": 1,
            "description": "",
            "disable_api_stop": false,
            "disable_api_termination": false,
            "ebs_optimized": "",
            "elastic_gpu_specifications": [],
            "elastic_inference_accelerator": [],
            "enclave_options": [],
            "hibernation_options": [],
            "iam_instance_profile": [
              {
                "arn": "arn:aws:iam::782863115905:instance-profile/S3-role",
                "name": ""
              }
            ],
            "id": "lt-07d58d2f4c5a1b509",
            "image_id": "ami-0e9107ed11be76fde",
            "instance_initiated_shutdown_behavior": "",
            "instance_market_options": [],
            "instance_requirements": [],
            "instance_type": "t3.medium",
            "kernel_id": "",
            "key_name": "kwashington-kp",
            "latest_version": 1,
            "license_specification": [],
            "maintenance_options": [],
            "metadata_options": [
              {
                "http_endpoint": "enabled",
                "http_protocol_ipv6": "enabled",
                "http_put_response_hop_limit": 2,
                "http_tokens": "optional",
                "instance_metadata_tags": "enabled"
              }
            ],
            "monitoring": [
              {
                "enabled": true
              }
            ],
            "name": "terraform-20240130162936428500000001",
            "name_prefix": "terraform-",
            "network_interfaces": [],
            "placement": [],
            "private_dns_name_options": [],
            "ram_disk_id": "",
            "security_group_names": null,
            "tag_specifications": [
              {
                "resource_type": "instance",
                "tags": {
                  "Name": "Team1-LT"
                }
              }
            ],
            "tags": null,
            "tags_all": {},
            "update_default_version": null,
            "user_data": "IyEvYmluL2Jhc2ggLXhlCkRCX05BTUU9V1BEYXRhYmFzZQpEQl9IT1NUTkFNRT10ZWFtb25lZGJjbHVzdGVyLmNsdXN0ZXItY2traGFnN21wbmw2LnVzLWVhc3QtMS5yZHMuYW1hem9uYXdzLmNvbQpEQl9VU0VSTkFNRT0iYWRtaW4iCkRCX1BBU1NXT1JEPSJwbElidU5tRnZIeG8iCldQX0FETUlOPXdwYWRtaW4KV1BfUEFTU1dPUkQ9InBsSWJ1Tm1Gdkh4byIKV1BfRU1BSUw9a2Vyd2luLndhc2hpbmd0b25AeWFob28uY29tCkxCX0hPU1ROQU1FPVRlYW0xLWxiLTMyNTIxMDM5LnVzLWVhc3QtMS5lbGIuYW1hem9uYXdzLmNvbQp5dW0gdXBkYXRlIC15Cnl1bSBpbnN0YWxsIC15IGFtYXpvbi1saW51eC1leHRyYXMKeXVtIGluc3RhbGwgLXkgYXdzbG9ncyBodHRwZCBteXNxbCBnY2MtYysrCmFtYXpvbi1saW51eC1leHRyYXMgZW5hYmxlIHBocDcuNAp5dW0gY2xlYW4gbWV0YWRhdGEKeXVtIGluc3RhbGwgLXkgcGhwIHBocC17cGVhcixjZ2ksY29tbW9uLGN1cmwsbWJzdHJpbmcsZ2QsbXlzcWxuZCxnZXR0ZXh0LGJjbWF0aCxqc29uLHhtbCxmcG0saW50bCx6aXAsaW1hcCxkZXZlbCxvcGNhY2hlfQpzeXN0ZW1jdGwgZW5hYmxlIG5mcy1zZXJ2ZXIuc2VydmljZQpzeXN0ZW1jdGwgc3RhcnQgbmZzLXNlcnZlci5zZXJ2aWNlCm1rZGlyIC1wIC92YXIvd3d3L3dvcmRwcmVzcwptb3VudCAtdCBuZnM0IC1vIG5mc3ZlcnM9NC4xLHJzaXplPTEwNDg1NzYsd3NpemU9MTA0ODU3NixoYXJkLHRpbWVvPTYwMCxyZXRyYW5zPTIgZnMtMDRkMjc0ZjJkZGFhMGRjNzYuZWZzLnVzLWVhc3QtMi5hbWF6b25hd3MuY29tOi8gL3Zhci93d3cvd29yZHByZXNzCgojIyBjcmVhdGUgc2l0ZSBjb25maWcKY2F0IDw8RU9GID4vZXRjL2h0dHBkL2NvbmYuZC93b3JkcHJlc3MuY29uZgpTZXJ2ZXJOYW1lIDEyNy4wLjAuMTo4MApEb2N1bWVudFJvb3QgL3Zhci93d3cvd29yZHByZXNzCjxEaXJlY3RvcnkgL3Zhci93d3cvd29yZHByZXNzPgogIE9wdGlvbnMgSW5kZXhlcyBGb2xsb3dTeW1MaW5rcwogIEFsbG93T3ZlcnJpZGUgQWxsCiAgUmVxdWlyZSBhbGwgZ3JhbnRlZAo8L0RpcmVjdG9yeT4KRU9GCgpwZWNsIGluc3RhbGwgaWdiaW5hcnkKY2QgL3RtcAoKIyMgaW5zdGFsbCBXb3JkUHJlc3MgYW5kIFdQIENMSQpjdXJsIC1vIC9iaW4vd3AgaHR0cHM6Ly9yYXcuZ2l0aHVidXNlcmNvbnRlbnQuY29tL3dwLWNsaS9idWlsZHMvZ2gtcGFnZXMvcGhhci93cC1jbGkucGhhcgpjaG1vZCAreCAvYmluL3dwCndnZXQgLVAgL3RtcC8gaHR0cHM6Ly93b3JkcHJlc3Mub3JnL2xhdGVzdC50YXIuZ3oKdGFyIC12eHpmIGxhdGVzdC50YXIuZ3ogLUMgL3Zhci93d3cvCmNwIC92YXIvd3d3L3dvcmRwcmVzcy93cC1jb25maWctc2FtcGxlLnBocCAvdmFyL3d3dy93b3JkcHJlc3Mvd3AtY29uZmlnLnBocApjZCAvdmFyL3d3dy93b3JkcHJlc3MvCnNlZCAtaSAncy9kYXRhYmFzZV9uYW1lX2hlcmUvJyIkREJfTkFNRSInLycgd3AtY29uZmlnLnBocApzZWQgLWkgJ3MvdXNlcm5hbWVfaGVyZS8nIiREQl9VU0VSTkFNRSInLycgd3AtY29uZmlnLnBocApzZWQgLWkgJ3MvcGFzc3dvcmRfaGVyZS8nIiREQl9QQVNTV09SRCInLycgd3AtY29uZmlnLnBocApzZWQgLWkgJ3MvbG9jYWxob3N0LyciJERCX0hPU1ROQU1FIicvJyB3cC1jb25maWcucGhwCgogICMgaW5zdGFsbCBXb3JkUHJlc3MgaWYgbm90IGluc3RhbGxlZAogICMgdXNlIHB1YmxpYyBhbGIgaG9zdCBuYW1lIGlmIHdwIGRvbWFpbiBuYW1lIHdhcyBlbXB0eQppZiAhICQod3AgY29yZSBpcy1pbnN0YWxsZWQgLS1hbGxvdy1yb290KTsgdGhlbgogICAgd3AgY29yZSBpbnN0YWxsIC0tdXJsPSJodHRwOi8vJExCX0hPU1ROQU1FIiAtLXRpdGxlPSdXb3JkcHJlc3Mgb24gQVdTJyAtLWFkbWluX3VzZXI9IiRXUF9BRE1JTiIgLS1hZG1pbl9wYXNzd29yZD0iJFdQX1BBU1NXT1JEIiAtLWFkbWluX2VtYWlsPSIkV1BfRU1BSUwiIC0tYWxsb3ctcm9vdAogICAgd3AgcGx1Z2luIGluc3RhbGwgdzMtdG90YWwtY2FjaGUgLS1hbGxvdy1yb290CiAgICBjaG93biAtUiBhcGFjaGU6YXBhY2hlIC92YXIvd3d3L3dvcmRwcmVzcwogICAgY2htb2QgdSt3cnggL3Zhci93d3cvd29yZHByZXNzL3dwLWNvbnRlbnQvKgogICAgaWYgWyAhIC1mIC92YXIvd3d3L3dvcmRwcmVzcy9vcGNhY2hlLWluc3RhbmNlaWQucGhwIF07IHRoZW4KICAgICAgd2dldCAtUCAvdmFyL3d3dy93b3JkcHJlc3MvIGh0dHBzOi8vczMuYW1hem9uYXdzLmNvbS9hd3MtcmVmYXJjaC93b3JkcHJlc3MvbGF0ZXN0L2JpdHMvb3BjYWNoZS1pbnN0YW5jZWlkLnBocAogICAgZmkKZmkKUkVTVUxUPSQ/CmVjaG8gJFJFU1VMVAppZiBbICRSRVNVTFQgLWVxIDAgXTsgdGhlbgogICAgdG91Y2ggL3Zhci93d3cvd29yZHByZXNzL3dvcmRwcmVzcy5pbml0aWFsaXplZAplbHNlCiAgICB0b3VjaCAvdmFyL3d3dy93b3JkcHJlc3Mvd29yZHByZXNzLmZhaWxlZApmaQoKIyMgaW5zdGFsbCBvcGNhY2hlCiMgY3JlYXRlIGhpZGRlbiBvcGNhY2hlIGRpcmVjdG9yeSBsb2NhbGx5ICYgY2hhbmdlIG93bmVyIHRvIGFwYWNoZQoKbWtkaXIgLXAgL3Zhci93d3cvLm9wY2FjaGUKIyBlbmFibGUgb3BjYWNoZSBpbiAvZXRjL3BocC03LjAuZC8xMC1vcGNhY2hlLmluaQpzZWQgLWkgJ3MvO29wY2FjaGUuZmlsZV9jYWNoZT0uKi9vcGNhY2hlLmZpbGVfY2FjaGU9XC92YXJcL3d3d1wvLm9wY2FjaGUvJyAvZXRjL3BocC5kLzEwLW9wY2FjaGUuaW5pCnNlZCAtaSAncy9vcGNhY2hlLm1lbW9yeV9jb25zdW1wdGlvbj0uKi9vcGNhY2hlLm1lbW9yeV9jb25zdW1wdGlvbj01MTIvJyAvZXRjL3BocC5kLzEwLW9wY2FjaGUuaW5pCiMgZG93bmxvYWQgb3BjYWNoZS1pbnN0YW5jZS5waHAgdG8gdmVyaWZ5IG9wY2FjaGUgc3RhdHVzCmlmIFsgISAtZiAvdmFyL3d3dy93b3JkcHJlc3Mvb3BjYWNoZS1pbnN0YW5jZWlkLnBocCBdOyB0aGVuCiAgICB3Z2V0IC1QIC92YXIvd3d3L3dvcmRwcmVzcy8gaHR0cHM6Ly9zMy5hbWF6b25hd3MuY29tL2F3cy1yZWZhcmNoL3dvcmRwcmVzcy9sYXRlc3QvYml0cy9vcGNhY2hlLWluc3RhbmNlaWQucGhwCmZpCgpjaGtjb25maWcgaHR0cGQgb24Kc2VydmljZSBodHRwZCBzdGFydAoKeXVtIHVwZGF0ZQp5dW0gaW5zdGFsbCAteSBhbWF6b24tZWZzLXV0aWxzCm1rZGlyIGVmcwptb3VudCAtdCBuZnM0IC1vIG5mc3ZlcnM9NC4xLHJzaXplPTEwNDg1NzYsd3NpemU9MTA0ODU3NixoYXJkLHRpbWVvPTYwMCxyZXRyYW5zPTIsbm9yZXN2cG9ydCAxMC4wLjIuMTA6LyBlZnM=",
            "vpc_security_group_ids": [
              "sg-00c168d98252ddeca"
            ]
          },
          "sensitive_attributes": [],
          "private": "bnVsbA==",
          "dependencies": [
            "aws_security_group.asg-sg",
            "aws_security_group.lb-sg",
            "aws_vpc.main"
          ]
        }
      ]
    },
    {
      "mode": "managed",
      "type": "aws_lb",
      "name": "test",
      "provider": "provider[\"registry.terraform.io/hashicorp/aws\"]",
      "instances": [
        {
          "schema_version": 0,
          "attributes": {
            "access_logs": [
              {
                "bucket": "",
                "enabled": false,
                "prefix": ""
              }
            ],
            "arn": "arn:aws:elasticloadbalancing:us-east-1:782863115905:loadbalancer/app/Team1-lb/082c6bb81816cf82",
            "arn_suffix": "app/Team1-lb/082c6bb81816cf82",
            "connection_logs": [
              {
                "bucket": "",
                "enabled": false,
                "prefix": ""
              }
            ],
            "customer_owned_ipv4_pool": "",
            "desync_mitigation_mode": "defensive",
            "dns_name": "Team1-lb-32521039.us-east-1.elb.amazonaws.com",
            "dns_record_client_routing_policy": null,
            "drop_invalid_header_fields": false,
            "enable_cross_zone_load_balancing": true,
            "enable_deletion_protection": false,
            "enable_http2": true,
            "enable_tls_version_and_cipher_suite_headers": false,
            "enable_waf_fail_open": false,
            "enable_xff_client_port": false,
            "enforce_security_group_inbound_rules_on_private_link_traffic": "",
            "id": "arn:aws:elasticloadbalancing:us-east-1:782863115905:loadbalancer/app/Team1-lb/082c6bb81816cf82",
            "idle_timeout": 60,
            "internal": false,
            "ip_address_type": "ipv4",
            "load_balancer_type": "application",
            "name": "Team1-lb",
            "name_prefix": "",
            "preserve_host_header": false,
            "security_groups": [
              "sg-050f151a974522aee"
            ],
            "subnet_mapping": [
              {
                "allocation_id": "",
                "ipv6_address": "",
                "outpost_id": "",
                "private_ipv4_address": "",
                "subnet_id": "subnet-030f3e8b91a509e1d"
              },
              {
                "allocation_id": "",
                "ipv6_address": "",
                "outpost_id": "",
                "private_ipv4_address": "",
                "subnet_id": "subnet-0ee39e582ea69669e"
              }
            ],
            "subnets": [
              "subnet-030f3e8b91a509e1d",
              "subnet-0ee39e582ea69669e"
            ],
            "tags": {
              "Name": "Team1-LB"
            },
            "tags_all": {
              "Name": "Team1-LB"
            },
            "timeouts": null,
            "vpc_id": "vpc-084704a7df84d2e02",
            "xff_header_processing_mode": "append",
            "zone_id": "Z35SXDOTRQ7X7K"
          },
          "sensitive_attributes": [],
          "private": "eyJlMmJmYjczMC1lY2FhLTExZTYtOGY4OC0zNDM2M2JjN2M0YzAiOnsiY3JlYXRlIjo2MDAwMDAwMDAwMDAsImRlbGV0ZSI6NjAwMDAwMDAwMDAwLCJ1cGRhdGUiOjYwMDAwMDAwMDAwMH19",
          "dependencies": [
            "aws_security_group.lb-sg",
            "aws_subnet.public",
            "aws_vpc.main"
          ]
        }
      ]
    },
    {
      "mode": "managed",
      "type": "aws_lb_listener",
      "name": "front_end",
      "provider": "provider[\"registry.terraform.io/hashicorp/aws\"]",
      "instances": [
        {
          "schema_version": 0,
          "attributes": {
            "alpn_policy": null,
            "arn": "arn:aws:elasticloadbalancing:us-east-1:782863115905:listener/app/Team1-lb/082c6bb81816cf82/51b4da2f5135fb20",
            "certificate_arn": null,
            "default_action": [
              {
                "authenticate_cognito": [],
                "authenticate_oidc": [],
                "fixed_response": [],
                "forward": [],
                "order": 1,
                "redirect": [],
                "target_group_arn": "arn:aws:elasticloadbalancing:us-east-1:782863115905:targetgroup/washington-lb-tg/d75426487c8f7770",
                "type": "forward"
              }
            ],
            "id": "arn:aws:elasticloadbalancing:us-east-1:782863115905:listener/app/Team1-lb/082c6bb81816cf82/51b4da2f5135fb20",
            "load_balancer_arn": "arn:aws:elasticloadbalancing:us-east-1:782863115905:loadbalancer/app/Team1-lb/082c6bb81816cf82",
            "mutual_authentication": [],
            "port": 80,
            "protocol": "HTTP",
            "ssl_policy": "",
            "tags": null,
            "tags_all": {},
            "timeouts": null
          },
          "sensitive_attributes": [],
          "private": "eyJlMmJmYjczMC1lY2FhLTExZTYtOGY4OC0zNDM2M2JjN2M0YzAiOnsiY3JlYXRlIjozMDAwMDAwMDAwMDAsInVwZGF0ZSI6MzAwMDAwMDAwMDAwfX0=",
          "dependencies": [
            "aws_lb.test",
            "aws_lb_target_group.front_end",
            "aws_security_group.lb-sg",
            "aws_subnet.public",
            "aws_vpc.main"
          ]
        }
      ]
    },
    {
      "mode": "managed",
      "type": "aws_lb_target_group",
      "name": "front_end",
      "provider": "provider[\"registry.terraform.io/hashicorp/aws\"]",
      "instances": [
        {
          "schema_version": 0,
          "attributes": {
            "arn": "arn:aws:elasticloadbalancing:us-east-1:782863115905:targetgroup/washington-lb-tg/d75426487c8f7770",
            "arn_suffix": "targetgroup/washington-lb-tg/d75426487c8f7770",
            "connection_termination": null,
            "deregistration_delay": "300",
            "health_check": [
              {
                "enabled": true,
                "healthy_threshold": 5,
                "interval": 30,
                "matcher": "200",
                "path": "/",
                "port": "traffic-port",
                "protocol": "HTTP",
                "timeout": 5,
                "unhealthy_threshold": 2
              }
            ],
            "id": "arn:aws:elasticloadbalancing:us-east-1:782863115905:targetgroup/washington-lb-tg/d75426487c8f7770",
            "ip_address_type": "ipv4",
            "lambda_multi_value_headers_enabled": false,
            "load_balancing_algorithm_type": "round_robin",
            "load_balancing_cross_zone_enabled": "use_load_balancer_configuration",
            "name": "washington-lb-tg",
            "name_prefix": "",
            "port": 80,
            "preserve_client_ip": null,
            "protocol": "HTTP",
            "protocol_version": "HTTP1",
            "proxy_protocol_v2": false,
            "slow_start": 0,
            "stickiness": [
              {
                "cookie_duration": 86400,
                "cookie_name": "",
                "enabled": false,
                "type": "lb_cookie"
              }
            ],
            "tags": null,
            "tags_all": {},
            "target_failover": [
              {
                "on_deregistration": null,
                "on_unhealthy": null
              }
            ],
            "target_health_state": [
              {
                "enable_unhealthy_connection_termination": null
              }
            ],
            "target_type": "instance",
            "vpc_id": "vpc-084704a7df84d2e02"
          },
          "sensitive_attributes": [],
          "private": "bnVsbA==",
          "dependencies": [
            "aws_vpc.main"
          ]
        }
      ]
    },
    {
      "mode": "managed",
      "type": "aws_nat_gateway",
      "name": "natgw1",
      "provider": "provider[\"registry.terraform.io/hashicorp/aws\"]",
      "instances": [
        {
          "schema_version": 0,
          "attributes": {
            "allocation_id": "eipalloc-070e61b17f565d160",
            "association_id": "eipassoc-0faae71d630807c1e",
            "connectivity_type": "public",
            "id": "nat-00772899c75ef4954",
            "network_interface_id": "eni-08dbe8f0f32cd376c",
            "private_ip": "10.0.0.86",
            "public_ip": "3.219.50.64",
            "secondary_allocation_ids": [],
            "secondary_private_ip_address_count": 0,
            "secondary_private_ip_addresses": [],
            "subnet_id": "subnet-0ee39e582ea69669e",
            "tags": {
              "Name": "nat-Team1"
            },
            "tags_all": {
              "Name": "nat-Team1"
            },
            "timeouts": null
          },
          "sensitive_attributes": [],
          "private": "eyJlMmJmYjczMC1lY2FhLTExZTYtOGY4OC0zNDM2M2JjN2M0YzAiOnsiY3JlYXRlIjo2MDAwMDAwMDAwMDAsImRlbGV0ZSI6MTgwMDAwMDAwMDAwMCwidXBkYXRlIjo2MDAwMDAwMDAwMDB9fQ==",
          "dependencies": [
            "aws_eip.nat-eip",
            "aws_internet_gateway.gw",
            "aws_subnet.public",
            "aws_vpc.main"
          ]
        }
      ]
    },
    {
      "mode": "managed",
      "type": "aws_nat_gateway",
      "name": "natgw2",
      "provider": "provider[\"registry.terraform.io/hashicorp/aws\"]",
      "instances": [
        {
          "schema_version": 0,
          "attributes": {
            "allocation_id": "eipalloc-03a154751bc2ebd46",
            "association_id": "eipassoc-07d057e10ed665678",
            "connectivity_type": "public",
            "id": "nat-0e6213654f24aee94",
            "network_interface_id": "eni-0c561b9c80eccbb4c",
            "private_ip": "10.0.1.79",
            "public_ip": "50.19.201.220",
            "secondary_allocation_ids": [],
            "secondary_private_ip_address_count": 0,
            "secondary_private_ip_addresses": [],
            "subnet_id": "subnet-030f3e8b91a509e1d",
            "tags": {
              "Name": "nat-2-Team1"
            },
            "tags_all": {
              "Name": "nat-2-Team1"
            },
            "timeouts": null
          },
          "sensitive_attributes": [],
          "private": "eyJlMmJmYjczMC1lY2FhLTExZTYtOGY4OC0zNDM2M2JjN2M0YzAiOnsiY3JlYXRlIjo2MDAwMDAwMDAwMDAsImRlbGV0ZSI6MTgwMDAwMDAwMDAwMCwidXBkYXRlIjo2MDAwMDAwMDAwMDB9fQ==",
          "dependencies": [
            "aws_eip.nat-eip",
            "aws_internet_gateway.gw",
            "aws_subnet.public",
            "aws_vpc.main"
          ]
        }
      ]
    },
    {
      "mode": "managed",
      "type": "aws_route_table",
      "name": "db_subnet_1",
      "provider": "provider[\"registry.terraform.io/hashicorp/aws\"]",
      "instances": [
        {
          "schema_version": 0,
          "attributes": {
            "arn": "arn:aws:ec2:us-east-1:782863115905:route-table/rtb-0fd4728d3dea24880",
            "id": "rtb-0fd4728d3dea24880",
            "owner_id": "782863115905",
            "propagating_vgws": [],
            "route": [
              {
                "carrier_gateway_id": "",
                "cidr_block": "0.0.0.0/0",
                "core_network_arn": "",
                "destination_prefix_list_id": "",
                "egress_only_gateway_id": "",
                "gateway_id": "nat-00772899c75ef4954",
                "ipv6_cidr_block": "",
                "local_gateway_id": "",
                "nat_gateway_id": "",
                "network_interface_id": "",
                "transit_gateway_id": "",
                "vpc_endpoint_id": "",
                "vpc_peering_connection_id": ""
              }
            ],
            "tags": {
              "Name": "Team1-db-subnet-rt"
            },
            "tags_all": {
              "Name": "Team1-db-subnet-rt"
            },
            "timeouts": null,
            "vpc_id": "vpc-084704a7df84d2e02"
          },
          "sensitive_attributes": [],
          "private": "eyJlMmJmYjczMC1lY2FhLTExZTYtOGY4OC0zNDM2M2JjN2M0YzAiOnsiY3JlYXRlIjozMDAwMDAwMDAwMDAsImRlbGV0ZSI6MzAwMDAwMDAwMDAwLCJ1cGRhdGUiOjEyMDAwMDAwMDAwMH19",
          "dependencies": [
            "aws_eip.nat-eip",
            "aws_internet_gateway.gw",
            "aws_nat_gateway.natgw1",
            "aws_subnet.public",
            "aws_vpc.main"
          ]
        }
      ]
    },
    {
      "mode": "managed",
      "type": "aws_route_table",
      "name": "db_subnet_2",
      "provider": "provider[\"registry.terraform.io/hashicorp/aws\"]",
      "instances": [
        {
          "schema_version": 0,
          "attributes": {
            "arn": "arn:aws:ec2:us-east-1:782863115905:route-table/rtb-02e48d31a6000a782",
            "id": "rtb-02e48d31a6000a782",
            "owner_id": "782863115905",
            "propagating_vgws": [],
            "route": [
              {
                "carrier_gateway_id": "",
                "cidr_block": "0.0.0.0/0",
                "core_network_arn": "",
                "destination_prefix_list_id": "",
                "egress_only_gateway_id": "",
                "gateway_id": "nat-0e6213654f24aee94",
                "ipv6_cidr_block": "",
                "local_gateway_id": "",
                "nat_gateway_id": "",
                "network_interface_id": "",
                "transit_gateway_id": "",
                "vpc_endpoint_id": "",
                "vpc_peering_connection_id": ""
              }
            ],
            "tags": {
              "Name": "Team1-db-subnet-rt2"
            },
            "tags_all": {
              "Name": "Team1-db-subnet-rt2"
            },
            "timeouts": null,
            "vpc_id": "vpc-084704a7df84d2e02"
          },
          "sensitive_attributes": [],
          "private": "eyJlMmJmYjczMC1lY2FhLTExZTYtOGY4OC0zNDM2M2JjN2M0YzAiOnsiY3JlYXRlIjozMDAwMDAwMDAwMDAsImRlbGV0ZSI6MzAwMDAwMDAwMDAwLCJ1cGRhdGUiOjEyMDAwMDAwMDAwMH19",
          "dependencies": [
            "aws_eip.nat-eip",
            "aws_internet_gateway.gw",
            "aws_nat_gateway.natgw2",
            "aws_subnet.public",
            "aws_vpc.main"
          ]
        }
      ]
    },
    {
      "mode": "managed",
      "type": "aws_route_table",
      "name": "private",
      "provider": "provider[\"registry.terraform.io/hashicorp/aws\"]",
      "instances": [
        {
          "schema_version": 0,
          "attributes": {
            "arn": "arn:aws:ec2:us-east-1:782863115905:route-table/rtb-06452a9d1b9e3c3a6",
            "id": "rtb-06452a9d1b9e3c3a6",
            "owner_id": "782863115905",
            "propagating_vgws": [],
            "route": [
              {
                "carrier_gateway_id": "",
                "cidr_block": "0.0.0.0/0",
                "core_network_arn": "",
                "destination_prefix_list_id": "",
                "egress_only_gateway_id": "",
                "gateway_id": "nat-00772899c75ef4954",
                "ipv6_cidr_block": "",
                "local_gateway_id": "",
                "nat_gateway_id": "",
                "network_interface_id": "",
                "transit_gateway_id": "",
                "vpc_endpoint_id": "",
                "vpc_peering_connection_id": ""
              }
            ],
            "tags": {
              "Name": "Team1-priv-rt"
            },
            "tags_all": {
              "Name": "Team1-priv-rt"
            },
            "timeouts": null,
            "vpc_id": "vpc-084704a7df84d2e02"
          },
          "sensitive_attributes": [],
          "private": "eyJlMmJmYjczMC1lY2FhLTExZTYtOGY4OC0zNDM2M2JjN2M0YzAiOnsiY3JlYXRlIjozMDAwMDAwMDAwMDAsImRlbGV0ZSI6MzAwMDAwMDAwMDAwLCJ1cGRhdGUiOjEyMDAwMDAwMDAwMH19",
          "dependencies": [
            "aws_eip.nat-eip",
            "aws_internet_gateway.gw",
            "aws_nat_gateway.natgw1",
            "aws_subnet.public",
            "aws_vpc.main"
          ]
        }
      ]
    },
    {
      "mode": "managed",
      "type": "aws_route_table",
      "name": "private-2",
      "provider": "provider[\"registry.terraform.io/hashicorp/aws\"]",
      "instances": [
        {
          "schema_version": 0,
          "attributes": {
            "arn": "arn:aws:ec2:us-east-1:782863115905:route-table/rtb-0ac66a89206ec9fc4",
            "id": "rtb-0ac66a89206ec9fc4",
            "owner_id": "782863115905",
            "propagating_vgws": [],
            "route": [
              {
                "carrier_gateway_id": "",
                "cidr_block": "0.0.0.0/0",
                "core_network_arn": "",
                "destination_prefix_list_id": "",
                "egress_only_gateway_id": "",
                "gateway_id": "nat-0e6213654f24aee94",
                "ipv6_cidr_block": "",
                "local_gateway_id": "",
                "nat_gateway_id": "",
                "network_interface_id": "",
                "transit_gateway_id": "",
                "vpc_endpoint_id": "",
                "vpc_peering_connection_id": ""
              }
            ],
            "tags": {
              "Name": "Team1-priv-rt2"
            },
            "tags_all": {
              "Name": "Team1-priv-rt2"
            },
            "timeouts": null,
            "vpc_id": "vpc-084704a7df84d2e02"
          },
          "sensitive_attributes": [],
          "private": "eyJlMmJmYjczMC1lY2FhLTExZTYtOGY4OC0zNDM2M2JjN2M0YzAiOnsiY3JlYXRlIjozMDAwMDAwMDAwMDAsImRlbGV0ZSI6MzAwMDAwMDAwMDAwLCJ1cGRhdGUiOjEyMDAwMDAwMDAwMH19",
          "dependencies": [
            "aws_eip.nat-eip",
            "aws_internet_gateway.gw",
            "aws_nat_gateway.natgw2",
            "aws_subnet.public",
            "aws_vpc.main"
          ]
        }
      ]
    },
    {
      "mode": "managed",
      "type": "aws_route_table",
      "name": "public",
      "provider": "provider[\"registry.terraform.io/hashicorp/aws\"]",
      "instances": [
        {
          "schema_version": 0,
          "attributes": {
            "arn": "arn:aws:ec2:us-east-1:782863115905:route-table/rtb-010cd941970f6a3e5",
            "id": "rtb-010cd941970f6a3e5",
            "owner_id": "782863115905",
            "propagating_vgws": [],
            "route": [
              {
                "carrier_gateway_id": "",
                "cidr_block": "0.0.0.0/0",
                "core_network_arn": "",
                "destination_prefix_list_id": "",
                "egress_only_gateway_id": "",
                "gateway_id": "igw-063f48c58504de3f5",
                "ipv6_cidr_block": "",
                "local_gateway_id": "",
                "nat_gateway_id": "",
                "network_interface_id": "",
                "transit_gateway_id": "",
                "vpc_endpoint_id": "",
                "vpc_peering_connection_id": ""
              }
            ],
            "tags": {
              "Name": "Team1-public-rt"
            },
            "tags_all": {
              "Name": "Team1-public-rt"
            },
            "timeouts": null,
            "vpc_id": "vpc-084704a7df84d2e02"
          },
          "sensitive_attributes": [],
          "private": "eyJlMmJmYjczMC1lY2FhLTExZTYtOGY4OC0zNDM2M2JjN2M0YzAiOnsiY3JlYXRlIjozMDAwMDAwMDAwMDAsImRlbGV0ZSI6MzAwMDAwMDAwMDAwLCJ1cGRhdGUiOjEyMDAwMDAwMDAwMH19",
          "dependencies": [
            "aws_internet_gateway.gw",
            "aws_vpc.main"
          ]
        }
      ]
    },
    {
      "mode": "managed",
      "type": "aws_route_table_association",
      "name": "db_subnet-rt",
      "provider": "provider[\"registry.terraform.io/hashicorp/aws\"]",
      "instances": [
        {
          "schema_version": 0,
          "attributes": {
            "gateway_id": "",
            "id": "rtbassoc-0b05d7a16916c33e8",
            "route_table_id": "rtb-0fd4728d3dea24880",
            "subnet_id": "subnet-0ddc42437ae92bfae",
            "timeouts": null
          },
          "sensitive_attributes": [],
          "private": "eyJlMmJmYjczMC1lY2FhLTExZTYtOGY4OC0zNDM2M2JjN2M0YzAiOnsiY3JlYXRlIjozMDAwMDAwMDAwMDAsImRlbGV0ZSI6MzAwMDAwMDAwMDAwLCJ1cGRhdGUiOjEyMDAwMDAwMDAwMH19",
          "dependencies": [
            "aws_eip.nat-eip",
            "aws_internet_gateway.gw",
            "aws_nat_gateway.natgw1",
            "aws_route_table.db_subnet_1",
            "aws_subnet.db_subnet",
            "aws_subnet.public",
            "aws_vpc.main"
          ]
        }
      ]
    },
    {
      "mode": "managed",
      "type": "aws_route_table_association",
      "name": "db_subnet-rt-2",
      "provider": "provider[\"registry.terraform.io/hashicorp/aws\"]",
      "instances": [
        {
          "schema_version": 0,
          "attributes": {
            "gateway_id": "",
            "id": "rtbassoc-0a76fdf548d356490",
            "route_table_id": "rtb-02e48d31a6000a782",
            "subnet_id": "subnet-06ccd84db39b7d6d2",
            "timeouts": null
          },
          "sensitive_attributes": [],
          "private": "eyJlMmJmYjczMC1lY2FhLTExZTYtOGY4OC0zNDM2M2JjN2M0YzAiOnsiY3JlYXRlIjozMDAwMDAwMDAwMDAsImRlbGV0ZSI6MzAwMDAwMDAwMDAwLCJ1cGRhdGUiOjEyMDAwMDAwMDAwMH19",
          "dependencies": [
            "aws_eip.nat-eip",
            "aws_internet_gateway.gw",
            "aws_nat_gateway.natgw2",
            "aws_route_table.db_subnet_2",
            "aws_subnet.db_subnet",
            "aws_subnet.public",
            "aws_vpc.main"
          ]
        }
      ]
    },
    {
      "mode": "managed",
      "type": "aws_route_table_association",
      "name": "private-rt",
      "provider": "provider[\"registry.terraform.io/hashicorp/aws\"]",
      "instances": [
        {
          "schema_version": 0,
          "attributes": {
            "gateway_id": "",
            "id": "rtbassoc-00927685d37172e45",
            "route_table_id": "rtb-06452a9d1b9e3c3a6",
            "subnet_id": "subnet-0f2e1be91ae372e87",
            "timeouts": null
          },
          "sensitive_attributes": [],
          "private": "eyJlMmJmYjczMC1lY2FhLTExZTYtOGY4OC0zNDM2M2JjN2M0YzAiOnsiY3JlYXRlIjozMDAwMDAwMDAwMDAsImRlbGV0ZSI6MzAwMDAwMDAwMDAwLCJ1cGRhdGUiOjEyMDAwMDAwMDAwMH19",
          "dependencies": [
            "aws_eip.nat-eip",
            "aws_internet_gateway.gw",
            "aws_nat_gateway.natgw1",
            "aws_route_table.private",
            "aws_subnet.private",
            "aws_subnet.public",
            "aws_vpc.main"
          ]
        }
      ]
    },
    {
      "mode": "managed",
      "type": "aws_route_table_association",
      "name": "private-rt-2",
      "provider": "provider[\"registry.terraform.io/hashicorp/aws\"]",
      "instances": [
        {
          "schema_version": 0,
          "attributes": {
            "gateway_id": "",
            "id": "rtbassoc-08223f40b41b4f82f",
            "route_table_id": "rtb-0ac66a89206ec9fc4",
            "subnet_id": "subnet-093d1e342766b68da",
            "timeouts": null
          },
          "sensitive_attributes": [],
          "private": "eyJlMmJmYjczMC1lY2FhLTExZTYtOGY4OC0zNDM2M2JjN2M0YzAiOnsiY3JlYXRlIjozMDAwMDAwMDAwMDAsImRlbGV0ZSI6MzAwMDAwMDAwMDAwLCJ1cGRhdGUiOjEyMDAwMDAwMDAwMH19",
          "dependencies": [
            "aws_eip.nat-eip",
            "aws_internet_gateway.gw",
            "aws_nat_gateway.natgw2",
            "aws_route_table.private-2",
            "aws_subnet.private",
            "aws_subnet.public",
            "aws_vpc.main"
          ]
        }
      ]
    },
    {
      "mode": "managed",
      "type": "aws_route_table_association",
      "name": "public-rt",
      "provider": "provider[\"registry.terraform.io/hashicorp/aws\"]",
      "instances": [
        {
          "index_key": 0,
          "schema_version": 0,
          "attributes": {
            "gateway_id": "",
            "id": "rtbassoc-0c2ef021853d99f9a",
            "route_table_id": "rtb-010cd941970f6a3e5",
            "subnet_id": "subnet-0ee39e582ea69669e",
            "timeouts": null
          },
          "sensitive_attributes": [],
          "private": "eyJlMmJmYjczMC1lY2FhLTExZTYtOGY4OC0zNDM2M2JjN2M0YzAiOnsiY3JlYXRlIjozMDAwMDAwMDAwMDAsImRlbGV0ZSI6MzAwMDAwMDAwMDAwLCJ1cGRhdGUiOjEyMDAwMDAwMDAwMH19",
          "dependencies": [
            "aws_internet_gateway.gw",
            "aws_route_table.public",
            "aws_subnet.public",
            "aws_vpc.main"
          ]
        },
        {
          "index_key": 1,
          "schema_version": 0,
          "attributes": {
            "gateway_id": "",
            "id": "rtbassoc-09606528305b235f6",
            "route_table_id": "rtb-010cd941970f6a3e5",
            "subnet_id": "subnet-030f3e8b91a509e1d",
            "timeouts": null
          },
          "sensitive_attributes": [],
          "private": "eyJlMmJmYjczMC1lY2FhLTExZTYtOGY4OC0zNDM2M2JjN2M0YzAiOnsiY3JlYXRlIjozMDAwMDAwMDAwMDAsImRlbGV0ZSI6MzAwMDAwMDAwMDAwLCJ1cGRhdGUiOjEyMDAwMDAwMDAwMH19",
          "dependencies": [
            "aws_internet_gateway.gw",
            "aws_route_table.public",
            "aws_subnet.public",
            "aws_vpc.main"
          ]
        }
      ]
    },
    {
      "mode": "managed",
      "type": "aws_security_group",
      "name": "asg-sg",
      "provider": "provider[\"registry.terraform.io/hashicorp/aws\"]",
      "instances": [
        {
          "schema_version": 1,
          "attributes": {
            "arn": "arn:aws:ec2:us-east-1:782863115905:security-group/sg-00c168d98252ddeca",
            "description": "Allow TLS inbound traffic",
            "egress": [
              {
                "cidr_blocks": [
                  "0.0.0.0/0"
                ],
                "description": "",
                "from_port": 0,
                "ipv6_cidr_blocks": [],
                "prefix_list_ids": [],
                "protocol": "-1",
                "security_groups": [],
                "self": false,
                "to_port": 0
              }
            ],
            "id": "sg-00c168d98252ddeca",
            "ingress": [
              {
                "cidr_blocks": [],
                "description": "HTTP from VPC",
                "from_port": 80,
                "ipv6_cidr_blocks": [],
                "prefix_list_ids": [],
                "protocol": "tcp",
                "security_groups": [
                  "sg-050f151a974522aee"
                ],
                "self": false,
                "to_port": 80
              },
              {
                "cidr_blocks": [],
                "description": "TLS from VPC",
                "from_port": 443,
                "ipv6_cidr_blocks": [],
                "prefix_list_ids": [],
                "protocol": "tcp",
                "security_groups": [
                  "sg-050f151a974522aee"
                ],
                "self": false,
                "to_port": 443
              }
            ],
            "name": "Team1-asg",
            "name_prefix": "",
            "owner_id": "782863115905",
            "revoke_rules_on_delete": false,
            "tags": {
              "Name": "Team1-ASG-SG"
            },
            "tags_all": {
              "Name": "Team1-ASG-SG"
            },
            "timeouts": null,
            "vpc_id": "vpc-084704a7df84d2e02"
          },
          "sensitive_attributes": [],
          "private": "eyJlMmJmYjczMC1lY2FhLTExZTYtOGY4OC0zNDM2M2JjN2M0YzAiOnsiY3JlYXRlIjo2MDAwMDAwMDAwMDAsImRlbGV0ZSI6OTAwMDAwMDAwMDAwfSwic2NoZW1hX3ZlcnNpb24iOiIxIn0=",
          "dependencies": [
            "aws_security_group.lb-sg",
            "aws_vpc.main"
          ]
        }
      ]
    },
    {
      "mode": "managed",
      "type": "aws_security_group",
      "name": "db-sg",
      "provider": "provider[\"registry.terraform.io/hashicorp/aws\"]",
      "instances": [
        {
          "schema_version": 1,
          "attributes": {
            "arn": "arn:aws:ec2:us-east-1:782863115905:security-group/sg-019d2a63a6a2c15e7",
            "description": "Allow ASG inbound traffic",
            "egress": [
              {
                "cidr_blocks": [
                  "0.0.0.0/0"
                ],
                "description": "",
                "from_port": 0,
                "ipv6_cidr_blocks": [],
                "prefix_list_ids": [],
                "protocol": "-1",
                "security_groups": [],
                "self": false,
                "to_port": 0
              }
            ],
            "id": "sg-019d2a63a6a2c15e7",
            "ingress": [
              {
                "cidr_blocks": [],
                "description": "DB from ASG",
                "from_port": 3306,
                "ipv6_cidr_blocks": [],
                "prefix_list_ids": [],
                "protocol": "tcp",
                "security_groups": [
                  "sg-00c168d98252ddeca"
                ],
                "self": false,
                "to_port": 3306
              }
            ],
            "name": "Team1-db-sg",
            "name_prefix": "",
            "owner_id": "782863115905",
            "revoke_rules_on_delete": false,
            "tags": {
              "Name": "Team1-DB-SG"
            },
            "tags_all": {
              "Name": "Team1-DB-SG"
            },
            "timeouts": null,
            "vpc_id": "vpc-084704a7df84d2e02"
          },
          "sensitive_attributes": [],
          "private": "eyJlMmJmYjczMC1lY2FhLTExZTYtOGY4OC0zNDM2M2JjN2M0YzAiOnsiY3JlYXRlIjo2MDAwMDAwMDAwMDAsImRlbGV0ZSI6OTAwMDAwMDAwMDAwfSwic2NoZW1hX3ZlcnNpb24iOiIxIn0=",
          "dependencies": [
            "aws_security_group.asg-sg",
            "aws_security_group.lb-sg",
            "aws_vpc.main"
          ]
        }
      ]
    },
    {
      "mode": "managed",
      "type": "aws_security_group",
      "name": "efs",
      "provider": "provider[\"registry.terraform.io/hashicorp/aws\"]",
      "instances": [
        {
          "schema_version": 1,
          "attributes": {
            "arn": "arn:aws:ec2:us-east-1:782863115905:security-group/sg-0f82fe773730085d0",
            "description": "Allow only EC2",
            "egress": [
              {
                "cidr_blocks": [
                  "0.0.0.0/0"
                ],
                "description": "",
                "from_port": 0,
                "ipv6_cidr_blocks": [],
                "prefix_list_ids": [],
                "protocol": "-1",
                "security_groups": [],
                "self": false,
                "to_port": 0
              }
            ],
            "id": "sg-0f82fe773730085d0",
            "ingress": [
              {
                "cidr_blocks": [],
                "description": "HTTP from VPC",
                "from_port": 80,
                "ipv6_cidr_blocks": [],
                "prefix_list_ids": [],
                "protocol": "tcp",
                "security_groups": [
                  "sg-050f151a974522aee"
                ],
                "self": false,
                "to_port": 80
              },
              {
                "cidr_blocks": [],
                "description": "TCP on 2409",
                "from_port": 2049,
                "ipv6_cidr_blocks": [],
                "prefix_list_ids": [],
                "protocol": "tcp",
                "security_groups": [
                  "sg-00c168d98252ddeca"
                ],
                "self": false,
                "to_port": 2049
              }
            ],
            "name": "Team1-EFS",
            "name_prefix": "",
            "owner_id": "782863115905",
            "revoke_rules_on_delete": false,
            "tags": {
              "Name": "Team1-EFS-SG"
            },
            "tags_all": {
              "Name": "Team1-EFS-SG"
            },
            "timeouts": null,
            "vpc_id": "vpc-084704a7df84d2e02"
          },
          "sensitive_attributes": [],
          "private": "eyJlMmJmYjczMC1lY2FhLTExZTYtOGY4OC0zNDM2M2JjN2M0YzAiOnsiY3JlYXRlIjo2MDAwMDAwMDAwMDAsImRlbGV0ZSI6OTAwMDAwMDAwMDAwfSwic2NoZW1hX3ZlcnNpb24iOiIxIn0=",
          "dependencies": [
            "aws_security_group.asg-sg",
            "aws_security_group.lb-sg",
            "aws_vpc.main"
          ]
        }
      ]
    },
    {
      "mode": "managed",
      "type": "aws_security_group",
      "name": "lb-sg",
      "provider": "provider[\"registry.terraform.io/hashicorp/aws\"]",
      "instances": [
        {
          "schema_version": 1,
          "attributes": {
            "arn": "arn:aws:ec2:us-east-1:782863115905:security-group/sg-050f151a974522aee",
            "description": "Allow TLS inbound traffic",
            "egress": [
              {
                "cidr_blocks": [
                  "0.0.0.0/0"
                ],
                "description": "",
                "from_port": 0,
                "ipv6_cidr_blocks": [],
                "prefix_list_ids": [],
                "protocol": "-1",
                "security_groups": [],
                "self": false,
                "to_port": 0
              }
            ],
            "id": "sg-050f151a974522aee",
            "ingress": [
              {
                "cidr_blocks": [
                  "0.0.0.0/0"
                ],
                "description": "HTTP from VPC",
                "from_port": 80,
                "ipv6_cidr_blocks": [],
                "prefix_list_ids": [],
                "protocol": "tcp",
                "security_groups": [],
                "self": false,
                "to_port": 80
              },
              {
                "cidr_blocks": [
                  "0.0.0.0/0"
                ],
                "description": "TLS from VPC",
                "from_port": 443,
                "ipv6_cidr_blocks": [],
                "prefix_list_ids": [],
                "protocol": "tcp",
                "security_groups": [],
                "self": false,
                "to_port": 443
              }
            ],
            "name": "Team1-asg-sg",
            "name_prefix": "",
            "owner_id": "782863115905",
            "revoke_rules_on_delete": false,
            "tags": {
              "Name": "Team1-lb-sg"
            },
            "tags_all": {
              "Name": "Team1-lb-sg"
            },
            "timeouts": null,
            "vpc_id": "vpc-084704a7df84d2e02"
          },
          "sensitive_attributes": [],
          "private": "eyJlMmJmYjczMC1lY2FhLTExZTYtOGY4OC0zNDM2M2JjN2M0YzAiOnsiY3JlYXRlIjo2MDAwMDAwMDAwMDAsImRlbGV0ZSI6OTAwMDAwMDAwMDAwfSwic2NoZW1hX3ZlcnNpb24iOiIxIn0=",
          "dependencies": [
            "aws_vpc.main"
          ]
        }
      ]
    },
    {
      "mode": "managed",
      "type": "aws_subnet",
      "name": "db_subnet",
      "provider": "provider[\"registry.terraform.io/hashicorp/aws\"]",
      "instances": [
        {
          "index_key": 0,
          "schema_version": 1,
          "attributes": {
            "arn": "arn:aws:ec2:us-east-1:782863115905:subnet/subnet-0ddc42437ae92bfae",
            "assign_ipv6_address_on_creation": false,
            "availability_zone": "us-east-1a",
            "availability_zone_id": "use1-az6",
            "cidr_block": "10.0.4.0/24",
            "customer_owned_ipv4_pool": "",
            "enable_dns64": false,
            "enable_lni_at_device_index": 0,
            "enable_resource_name_dns_a_record_on_launch": false,
            "enable_resource_name_dns_aaaa_record_on_launch": false,
            "id": "subnet-0ddc42437ae92bfae",
            "ipv6_cidr_block": "",
            "ipv6_cidr_block_association_id": "",
            "ipv6_native": false,
            "map_customer_owned_ip_on_launch": false,
            "map_public_ip_on_launch": false,
            "outpost_arn": "",
            "owner_id": "782863115905",
            "private_dns_hostname_type_on_launch": "ip-name",
            "tags": {
              "Name": "Team1-db-subnet-0"
            },
            "tags_all": {
              "Name": "Team1-db-subnet-0"
            },
            "timeouts": null,
            "vpc_id": "vpc-084704a7df84d2e02"
          },
          "sensitive_attributes": [],
          "private": "eyJlMmJmYjczMC1lY2FhLTExZTYtOGY4OC0zNDM2M2JjN2M0YzAiOnsiY3JlYXRlIjo2MDAwMDAwMDAwMDAsImRlbGV0ZSI6MTIwMDAwMDAwMDAwMH0sInNjaGVtYV92ZXJzaW9uIjoiMSJ9",
          "dependencies": [
            "aws_vpc.main"
          ]
        },
        {
          "index_key": 1,
          "schema_version": 1,
          "attributes": {
            "arn": "arn:aws:ec2:us-east-1:782863115905:subnet/subnet-06ccd84db39b7d6d2",
            "assign_ipv6_address_on_creation": false,
            "availability_zone": "us-east-1b",
            "availability_zone_id": "use1-az1",
            "cidr_block": "10.0.5.0/24",
            "customer_owned_ipv4_pool": "",
            "enable_dns64": false,
            "enable_lni_at_device_index": 0,
            "enable_resource_name_dns_a_record_on_launch": false,
            "enable_resource_name_dns_aaaa_record_on_launch": false,
            "id": "subnet-06ccd84db39b7d6d2",
            "ipv6_cidr_block": "",
            "ipv6_cidr_block_association_id": "",
            "ipv6_native": false,
            "map_customer_owned_ip_on_launch": false,
            "map_public_ip_on_launch": false,
            "outpost_arn": "",
            "owner_id": "782863115905",
            "private_dns_hostname_type_on_launch": "ip-name",
            "tags": {
              "Name": "Team1-db-subnet-1"
            },
            "tags_all": {
              "Name": "Team1-db-subnet-1"
            },
            "timeouts": null,
            "vpc_id": "vpc-084704a7df84d2e02"
          },
          "sensitive_attributes": [],
          "private": "eyJlMmJmYjczMC1lY2FhLTExZTYtOGY4OC0zNDM2M2JjN2M0YzAiOnsiY3JlYXRlIjo2MDAwMDAwMDAwMDAsImRlbGV0ZSI6MTIwMDAwMDAwMDAwMH0sInNjaGVtYV92ZXJzaW9uIjoiMSJ9",
          "dependencies": [
            "aws_vpc.main"
          ]
        }
      ]
    },
    {
      "mode": "managed",
      "type": "aws_subnet",
      "name": "private",
      "provider": "provider[\"registry.terraform.io/hashicorp/aws\"]",
      "instances": [
        {
          "index_key": 0,
          "schema_version": 1,
          "attributes": {
            "arn": "arn:aws:ec2:us-east-1:782863115905:subnet/subnet-0f2e1be91ae372e87",
            "assign_ipv6_address_on_creation": false,
            "availability_zone": "us-east-1a",
            "availability_zone_id": "use1-az6",
            "cidr_block": "10.0.2.0/24",
            "customer_owned_ipv4_pool": "",
            "enable_dns64": false,
            "enable_lni_at_device_index": 0,
            "enable_resource_name_dns_a_record_on_launch": false,
            "enable_resource_name_dns_aaaa_record_on_launch": false,
            "id": "subnet-0f2e1be91ae372e87",
            "ipv6_cidr_block": "",
            "ipv6_cidr_block_association_id": "",
            "ipv6_native": false,
            "map_customer_owned_ip_on_launch": false,
            "map_public_ip_on_launch": false,
            "outpost_arn": "",
            "owner_id": "782863115905",
            "private_dns_hostname_type_on_launch": "ip-name",
            "tags": {
              "Name": "Team1-private-0"
            },
            "tags_all": {
              "Name": "Team1-private-0"
            },
            "timeouts": null,
            "vpc_id": "vpc-084704a7df84d2e02"
          },
          "sensitive_attributes": [],
          "private": "eyJlMmJmYjczMC1lY2FhLTExZTYtOGY4OC0zNDM2M2JjN2M0YzAiOnsiY3JlYXRlIjo2MDAwMDAwMDAwMDAsImRlbGV0ZSI6MTIwMDAwMDAwMDAwMH0sInNjaGVtYV92ZXJzaW9uIjoiMSJ9",
          "dependencies": [
            "aws_vpc.main"
          ]
        },
        {
          "index_key": 1,
          "schema_version": 1,
          "attributes": {
            "arn": "arn:aws:ec2:us-east-1:782863115905:subnet/subnet-093d1e342766b68da",
            "assign_ipv6_address_on_creation": false,
            "availability_zone": "us-east-1b",
            "availability_zone_id": "use1-az1",
            "cidr_block": "10.0.3.0/24",
            "customer_owned_ipv4_pool": "",
            "enable_dns64": false,
            "enable_lni_at_device_index": 0,
            "enable_resource_name_dns_a_record_on_launch": false,
            "enable_resource_name_dns_aaaa_record_on_launch": false,
            "id": "subnet-093d1e342766b68da",
            "ipv6_cidr_block": "",
            "ipv6_cidr_block_association_id": "",
            "ipv6_native": false,
            "map_customer_owned_ip_on_launch": false,
            "map_public_ip_on_launch": false,
            "outpost_arn": "",
            "owner_id": "782863115905",
            "private_dns_hostname_type_on_launch": "ip-name",
            "tags": {
              "Name": "Team1-private-1"
            },
            "tags_all": {
              "Name": "Team1-private-1"
            },
            "timeouts": null,
            "vpc_id": "vpc-084704a7df84d2e02"
          },
          "sensitive_attributes": [],
          "private": "eyJlMmJmYjczMC1lY2FhLTExZTYtOGY4OC0zNDM2M2JjN2M0YzAiOnsiY3JlYXRlIjo2MDAwMDAwMDAwMDAsImRlbGV0ZSI6MTIwMDAwMDAwMDAwMH0sInNjaGVtYV92ZXJzaW9uIjoiMSJ9",
          "dependencies": [
            "aws_vpc.main"
          ]
        }
      ]
    },
    {
      "mode": "managed",
      "type": "aws_subnet",
      "name": "public",
      "provider": "provider[\"registry.terraform.io/hashicorp/aws\"]",
      "instances": [
        {
          "index_key": 0,
          "schema_version": 1,
          "attributes": {
            "arn": "arn:aws:ec2:us-east-1:782863115905:subnet/subnet-0ee39e582ea69669e",
            "assign_ipv6_address_on_creation": false,
            "availability_zone": "us-east-1a",
            "availability_zone_id": "use1-az6",
            "cidr_block": "10.0.0.0/24",
            "customer_owned_ipv4_pool": "",
            "enable_dns64": false,
            "enable_lni_at_device_index": 0,
            "enable_resource_name_dns_a_record_on_launch": false,
            "enable_resource_name_dns_aaaa_record_on_launch": false,
            "id": "subnet-0ee39e582ea69669e",
            "ipv6_cidr_block": "",
            "ipv6_cidr_block_association_id": "",
            "ipv6_native": false,
            "map_customer_owned_ip_on_launch": false,
            "map_public_ip_on_launch": false,
            "outpost_arn": "",
            "owner_id": "782863115905",
            "private_dns_hostname_type_on_launch": "ip-name",
            "tags": {
              "Name": "Team1-public-0"
            },
            "tags_all": {
              "Name": "Team1-public-0"
            },
            "timeouts": null,
            "vpc_id": "vpc-084704a7df84d2e02"
          },
          "sensitive_attributes": [],
          "private": "eyJlMmJmYjczMC1lY2FhLTExZTYtOGY4OC0zNDM2M2JjN2M0YzAiOnsiY3JlYXRlIjo2MDAwMDAwMDAwMDAsImRlbGV0ZSI6MTIwMDAwMDAwMDAwMH0sInNjaGVtYV92ZXJzaW9uIjoiMSJ9",
          "dependencies": [
            "aws_vpc.main"
          ]
        },
        {
          "index_key": 1,
          "schema_version": 1,
          "attributes": {
            "arn": "arn:aws:ec2:us-east-1:782863115905:subnet/subnet-030f3e8b91a509e1d",
            "assign_ipv6_address_on_creation": false,
            "availability_zone": "us-east-1b",
            "availability_zone_id": "use1-az1",
            "cidr_block": "10.0.1.0/24",
            "customer_owned_ipv4_pool": "",
            "enable_dns64": false,
            "enable_lni_at_device_index": 0,
            "enable_resource_name_dns_a_record_on_launch": false,
            "enable_resource_name_dns_aaaa_record_on_launch": false,
            "id": "subnet-030f3e8b91a509e1d",
            "ipv6_cidr_block": "",
            "ipv6_cidr_block_association_id": "",
            "ipv6_native": false,
            "map_customer_owned_ip_on_launch": false,
            "map_public_ip_on_launch": false,
            "outpost_arn": "",
            "owner_id": "782863115905",
            "private_dns_hostname_type_on_launch": "ip-name",
            "tags": {
              "Name": "Team1-public-1"
            },
            "tags_all": {
              "Name": "Team1-public-1"
            },
            "timeouts": null,
            "vpc_id": "vpc-084704a7df84d2e02"
          },
          "sensitive_attributes": [],
          "private": "eyJlMmJmYjczMC1lY2FhLTExZTYtOGY4OC0zNDM2M2JjN2M0YzAiOnsiY3JlYXRlIjo2MDAwMDAwMDAwMDAsImRlbGV0ZSI6MTIwMDAwMDAwMDAwMH0sInNjaGVtYV92ZXJzaW9uIjoiMSJ9",
          "dependencies": [
            "aws_vpc.main"
          ]
        }
      ]
    },
    {
      "mode": "managed",
      "type": "aws_vpc",
      "name": "main",
      "provider": "provider[\"registry.terraform.io/hashicorp/aws\"]",
      "instances": [
        {
          "schema_version": 1,
          "attributes": {
            "arn": "arn:aws:ec2:us-east-1:782863115905:vpc/vpc-084704a7df84d2e02",
            "assign_generated_ipv6_cidr_block": false,
            "cidr_block": "10.0.0.0/16",
            "default_network_acl_id": "acl-060c3ec81e8db2b61",
            "default_route_table_id": "rtb-0e123730a2d280a0e",
            "default_security_group_id": "sg-055f0ccc2f70450a0",
            "dhcp_options_id": "dopt-08c242ab6a6f77ac6",
            "enable_dns_hostnames": true,
            "enable_dns_support": true,
            "enable_network_address_usage_metrics": false,
            "id": "vpc-084704a7df84d2e02",
            "instance_tenancy": "default",
            "ipv4_ipam_pool_id": null,
            "ipv4_netmask_length": null,
            "ipv6_association_id": "",
            "ipv6_cidr_block": "",
            "ipv6_cidr_block_network_border_group": "",
            "ipv6_ipam_pool_id": "",
            "ipv6_netmask_length": 0,
            "main_route_table_id": "rtb-0e123730a2d280a0e",
            "owner_id": "782863115905",
            "tags": {
              "Name": "Team1"
            },
            "tags_all": {
              "Name": "Team1"
            }
          },
          "sensitive_attributes": [],
          "private": "eyJzY2hlbWFfdmVyc2lvbiI6IjEifQ=="
        }
      ]
    }
  ],
  "check_results": null
}
